
Microsoft Visual Studio Solution File, Format Version 10.00
# Visual C++ Express 2008
Project("{8BC9CEB8-8B4A-11D0-8D11-00A0C91BC942}") = "Paradice9", "Paradice9.vcproj", "{6B4A4968-AA33-45B8-96D3-2E1E51EB702D}"
	ProjectSection(ProjectDependencies) = postProject
		{DA91447D-3067-40A9-989C-35D513205B20} = {DA91447D-3067-40A9-989C-35D513205B20}
		{640871A6-99FC-4091-80BE-D1249F644545} = {640871A6-99FC-4091-80BE-D1249F644545}
	EndProjectSection
EndProject
Project("{8BC9CEB8-8B4A-11D0-8D11-00A0C91BC942}") = "Paradice", "..\paradice\Paradice.vcproj", "{DA91447D-3067-40A9-989C-35D513205B20}"
EndProject
Project("{8BC9CEB8-8B4A-11D0-8D11-00A0C91BC942}") = "Odin", "..\odin\Odin.vcproj", "{640871A6-99FC-4091-80BE-D1249F644545}"
EndProject
Global
	GlobalSection(SolutionConfigurationPlatforms) = preSolution
		Debug|Win32 = Debug|Win32
		Release|Win32 = Release|Win32
	EndGlobalSection
	GlobalSection(ProjectConfigurationPlatforms) = postSolution
		{6B4A4968-AA33-45B8-96D3-2E1E51EB702D}.Debug|Win32.ActiveCfg = Debug|Win32
		{6B4A4968-AA33-45B8-96D3-2E1E51EB702D}.Debug|Win32.Build.0 = Debug|Win32
		{6B4A4968-AA33-45B8-96D3-2E1E51EB702D}.Release|Win32.ActiveCfg = Release|Win32
		{6B4A4968-AA33-45B8-96D3-2E1E51EB702D}.Release|Win32.Build.0 = Release|Win32
		{DA91447D-3067-40A9-989C-35D513205B20}.Debug|Win32.ActiveCfg = Debug|Win32
		{DA91447D-3067-40A9-989C-35D513205B20}.Debug|Win32.Build.0 = Debug|Win32
		{DA91447D-3067-40A9-989C-35D513205B20}.Release|Win32.ActiveCfg = Release|Win32
		{DA91447D-3067-40A9-989C-35D513205B20}.Release|Win32.Build.0 = Release|Win32
		{640871A6-99FC-4091-80BE-D1249F644545}.Debug|Win32.ActiveCfg = Debug|Win32
		{640871A6-99FC-4091-80BE-D1249F644545}.Debug|Win32.Build.0 = Debug|Win32
		{640871A6-99FC-4091-80BE-D1249F644545}.Release|Win32.ActiveCfg = Release|Win32
		{640871A6-99FC-4091-80BE-D1249F644545}.Release|Win32.Build.0 = Release|Win32
	EndGlobalSection
	GlobalSection(SolutionProperties) = preSolution
		HideSolutionNode = FALSE
	EndGlobalSection
EndGlobal
