
Microsoft Visual Studio Solution File, Format Version 10.00
# Visual C++ Express 2008
Project("{8BC9CEB8-8B4A-11D0-8D11-00A0C91BC942}") = "guibuilder", "guibuilder.vcproj", "{BDC220A1-E8BC-4A5E-8F0D-D48E76D3B09B}"
	ProjectSection(ProjectDependencies) = postProject
		{640871A6-99FC-4091-80BE-D1249F644545} = {640871A6-99FC-4091-80BE-D1249F644545}
		{7D97B5FC-4610-48D6-BA2C-6491150A96A0} = {7D97B5FC-4610-48D6-BA2C-6491150A96A0}
	EndProjectSection
EndProject
Project("{8BC9CEB8-8B4A-11D0-8D11-00A0C91BC942}") = "Munin", "..\munin\Munin.vcproj", "{7D97B5FC-4610-48D6-BA2C-6491150A96A0}"
EndProject
Project("{8BC9CEB8-8B4A-11D0-8D11-00A0C91BC942}") = "Odin", "..\odin\Odin.vcproj", "{640871A6-99FC-4091-80BE-D1249F644545}"
EndProject
Global
	GlobalSection(SolutionConfigurationPlatforms) = preSolution
		Debug|Win32 = Debug|Win32
		Release|Win32 = Release|Win32
	EndGlobalSection
	GlobalSection(ProjectConfigurationPlatforms) = postSolution
		{BDC220A1-E8BC-4A5E-8F0D-D48E76D3B09B}.Debug|Win32.ActiveCfg = Debug|Win32
		{BDC220A1-E8BC-4A5E-8F0D-D48E76D3B09B}.Debug|Win32.Build.0 = Debug|Win32
		{BDC220A1-E8BC-4A5E-8F0D-D48E76D3B09B}.Release|Win32.ActiveCfg = Release|Win32
		{BDC220A1-E8BC-4A5E-8F0D-D48E76D3B09B}.Release|Win32.Build.0 = Release|Win32
		{7D97B5FC-4610-48D6-BA2C-6491150A96A0}.Debug|Win32.ActiveCfg = Debug|Win32
		{7D97B5FC-4610-48D6-BA2C-6491150A96A0}.Debug|Win32.Build.0 = Debug|Win32
		{7D97B5FC-4610-48D6-BA2C-6491150A96A0}.Release|Win32.ActiveCfg = Release|Win32
		{7D97B5FC-4610-48D6-BA2C-6491150A96A0}.Release|Win32.Build.0 = Release|Win32
		{640871A6-99FC-4091-80BE-D1249F644545}.Debug|Win32.ActiveCfg = Debug|Win32
		{640871A6-99FC-4091-80BE-D1249F644545}.Debug|Win32.Build.0 = Debug|Win32
		{640871A6-99FC-4091-80BE-D1249F644545}.Release|Win32.ActiveCfg = Release|Win32
		{640871A6-99FC-4091-80BE-D1249F644545}.Release|Win32.Build.0 = Release|Win32
	EndGlobalSection
	GlobalSection(SolutionProperties) = preSolution
		HideSolutionNode = FALSE
	EndGlobalSection
EndGlobal
